
Microsoft Visual Studio Solution File, Format Version 12.00
# Visual Studio Version 17
VisualStudioVersion = 17.3.32804.467
MinimumVisualStudioVersion = 10.0.40219.1
Project("{FAE04EC0-301F-11D3-BF4B-00C04F79EFBC}") = "APIPractice", "APIPractice\APIPractice.csproj", "{DD407A95-A695-4A1B-AB3A-0223A77BBD24}"
EndProject
Global
	GlobalSection(SolutionConfigurationPlatforms) = preSolution
		Debug|Any CPU = Debug|Any CPU
		Release|Any CPU = Release|Any CPU
	EndGlobalSection
	GlobalSection(ProjectConfigurationPlatforms) = postSolution
		{DD407A95-A695-4A1B-AB3A-0223A77BBD24}.Debug|Any CPU.ActiveCfg = Debug|Any CPU
		{DD407A95-A695-4A1B-AB3A-0223A77BBD24}.Debug|Any CPU.Build.0 = Debug|Any CPU
		{DD407A95-A695-4A1B-AB3A-0223A77BBD24}.Release|Any CPU.ActiveCfg = Release|Any CPU
		{DD407A95-A695-4A1B-AB3A-0223A77BBD24}.Release|Any CPU.Build.0 = Release|Any CPU
	EndGlobalSection
	GlobalSection(SolutionProperties) = preSolution
		HideSolutionNode = FALSE
	EndGlobalSection
	GlobalSection(ExtensibilityGlobals) = postSolution
		SolutionGuid = {09D1A3D1-4BDC-4114-9705-E75DB84DF745}
	EndGlobalSection
EndGlobal
